
Microsoft Visual Studio Solution File, Format Version 12.00
# Visual Studio Version 17
VisualStudioVersion = 17.5.002.0
MinimumVisualStudioVersion = 10.0.40219.1
Project("{9A19103F-16F7-4668-BE54-9A1E7A4F7556}") = "APIPessoal", "APIPessoal.csproj", "{BC1A02A3-F624-49F5-B5BE-828B9DCD2574}"
EndProject
Global
	GlobalSection(SolutionConfigurationPlatforms) = preSolution
		Debug|Any CPU = Debug|Any CPU
		Release|Any CPU = Release|Any CPU
	EndGlobalSection
	GlobalSection(ProjectConfigurationPlatforms) = postSolution
		{BC1A02A3-F624-49F5-B5BE-828B9DCD2574}.Debug|Any CPU.ActiveCfg = Debug|Any CPU
		{BC1A02A3-F624-49F5-B5BE-828B9DCD2574}.Debug|Any CPU.Build.0 = Debug|Any CPU
		{BC1A02A3-F624-49F5-B5BE-828B9DCD2574}.Release|Any CPU.ActiveCfg = Release|Any CPU
		{BC1A02A3-F624-49F5-B5BE-828B9DCD2574}.Release|Any CPU.Build.0 = Release|Any CPU
	EndGlobalSection
	GlobalSection(SolutionProperties) = preSolution
		HideSolutionNode = FALSE
	EndGlobalSection
	GlobalSection(ExtensibilityGlobals) = postSolution
		SolutionGuid = {3556C05B-7298-42FC-A919-02DBBC803AD4}
	EndGlobalSection
EndGlobal
